// !$*UTF8*$!
{
	archiveVersion = 1;
	classes = {
	};
	objectVersion = 56;
	objects = {

/* Begin PBXBuildFile section */
		330438F12A315E95008123AD /* Address.swift in Sources */ = {isa = PBXBuildFile; fileRef = 330438F02A315E95008123AD /* Address.swift */; };
		330438F32A315F55008123AD /* Industry.swift in Sources */ = {isa = PBXBuildFile; fileRef = 330438F22A315F55008123AD /* Industry.swift */; };
		330438F52A316005008123AD /* User.swift in Sources */ = {isa = PBXBuildFile; fileRef = 330438F42A316005008123AD /* User.swift */; };
		330438F72A3161B9008123AD /* Board.swift in Sources */ = {isa = PBXBuildFile; fileRef = 330438F62A3161B9008123AD /* Board.swift */; };
		330438F92A316217008123AD /* Post.swift in Sources */ = {isa = PBXBuildFile; fileRef = 330438F82A316217008123AD /* Post.swift */; };
		330438FB2A316323008123AD /* Reply.swift in Sources */ = {isa = PBXBuildFile; fileRef = 330438FA2A316323008123AD /* Reply.swift */; };
		330438FD2A31647D008123AD /* NetworkResponse.swift in Sources */ = {isa = PBXBuildFile; fileRef = 330438FC2A31647D008123AD /* NetworkResponse.swift */; };
		330438FF2A33604D008123AD /* APIError.swift in Sources */ = {isa = PBXBuildFile; fileRef = 330438FE2A33604C008123AD /* APIError.swift */; };
		330439012A3460F5008123AD /* Requestable.swift in Sources */ = {isa = PBXBuildFile; fileRef = 330439002A3460F5008123AD /* Requestable.swift */; };
		330439032A346551008123AD /* AddReplyRequest.swift in Sources */ = {isa = PBXBuildFile; fileRef = 330439022A346551008123AD /* AddReplyRequest.swift */; };
		330439052A34701C008123AD /* UserInfoRequest.swift in Sources */ = {isa = PBXBuildFile; fileRef = 330439042A34701C008123AD /* UserInfoRequest.swift */; };
		330CE9712A3843D400BFA26F /* UIColor+.swift in Sources */ = {isa = PBXBuildFile; fileRef = 330CE9702A3843D400BFA26F /* UIColor+.swift */; };
		330CE9732A38444400BFA26F /* STButton.swift in Sources */ = {isa = PBXBuildFile; fileRef = 330CE9722A38444400BFA26F /* STButton.swift */; };
		330CE9752A385F4400BFA26F /* STHomeViewController.swift in Sources */ = {isa = PBXBuildFile; fileRef = 330CE9742A385F4400BFA26F /* STHomeViewController.swift */; };
		330CE9792A38627F00BFA26F /* STCollectionReusableView.swift in Sources */ = {isa = PBXBuildFile; fileRef = 330CE9782A38627F00BFA26F /* STCollectionReusableView.swift */; };
		330CE97B2A38634600BFA26F /* STCollectionViewFlowLayout.swift in Sources */ = {isa = PBXBuildFile; fileRef = 330CE97A2A38634600BFA26F /* STCollectionViewFlowLayout.swift */; };
		330CE9832A38A4F700BFA26F /* Join.storyboard in Resources */ = {isa = PBXBuildFile; fileRef = 330CE9822A38A4F700BFA26F /* Join.storyboard */; };
		330CE9852A38A51A00BFA26F /* STJoinViewController.swift in Sources */ = {isa = PBXBuildFile; fileRef = 330CE9842A38A51A00BFA26F /* STJoinViewController.swift */; };
		330CE98D2A3A8B8500BFA26F /* STRootViewController.swift in Sources */ = {isa = PBXBuildFile; fileRef = 330CE98C2A3A8B8500BFA26F /* STRootViewController.swift */; };
		330CE98F2A3A909600BFA26F /* Board.storyboard in Resources */ = {isa = PBXBuildFile; fileRef = 330CE98E2A3A909600BFA26F /* Board.storyboard */; };
		330CE9912A3A90AA00BFA26F /* Alert.storyboard in Resources */ = {isa = PBXBuildFile; fileRef = 330CE9902A3A90AA00BFA26F /* Alert.storyboard */; };
		330CE9932A3A90B200BFA26F /* MyPage.storyboard in Resources */ = {isa = PBXBuildFile; fileRef = 330CE9922A3A90B200BFA26F /* MyPage.storyboard */; };
		330CE9952A3A90BE00BFA26F /* Write.storyboard in Resources */ = {isa = PBXBuildFile; fileRef = 330CE9942A3A90BE00BFA26F /* Write.storyboard */; };
		330CE9972A3A913700BFA26F /* STPostListViewController.swift in Sources */ = {isa = PBXBuildFile; fileRef = 330CE9962A3A913700BFA26F /* STPostListViewController.swift */; };
		330CE9992A3A94A900BFA26F /* STAlertListViewController.swift in Sources */ = {isa = PBXBuildFile; fileRef = 330CE9982A3A94A900BFA26F /* STAlertListViewController.swift */; };
		330CE99B2A3A955000BFA26F /* STMyPageListViewController.swift in Sources */ = {isa = PBXBuildFile; fileRef = 330CE99A2A3A955000BFA26F /* STMyPageListViewController.swift */; };
		330CE99D2A3A961000BFA26F /* STWriteViewController.swift in Sources */ = {isa = PBXBuildFile; fileRef = 330CE99C2A3A961000BFA26F /* STWriteViewController.swift */; };
		330CE9A12A3B506400BFA26F /* STTextView.swift in Sources */ = {isa = PBXBuildFile; fileRef = 330CE9A02A3B506400BFA26F /* STTextView.swift */; };
		330CE9A32A3C35B600BFA26F /* STJoinMobileAuthViewController.swift in Sources */ = {isa = PBXBuildFile; fileRef = 330CE9A22A3C35B600BFA26F /* STJoinMobileAuthViewController.swift */; };
		3314278B2A4EFABB004AFF23 /* STPostTableViewCell.swift in Sources */ = {isa = PBXBuildFile; fileRef = 3314278A2A4EFABB004AFF23 /* STPostTableViewCell.swift */; };
		3314278F2A541EAC004AFF23 /* STReplyTableViewCell.swift in Sources */ = {isa = PBXBuildFile; fileRef = 3314278E2A541EAC004AFF23 /* STReplyTableViewCell.swift */; };
		332FEA822A4959FB00FF2C73 /* STPostContentsCollectionViewCell.swift in Sources */ = {isa = PBXBuildFile; fileRef = 332FEA812A4959FB00FF2C73 /* STPostContentsCollectionViewCell.swift */; };
		333C20682A545C9F00F8265C /* RegisterRequest.swift in Sources */ = {isa = PBXBuildFile; fileRef = 333C20672A545C9F00F8265C /* RegisterRequest.swift */; };
		333C206A2A545D7500F8265C /* RegisterRandNum.swift in Sources */ = {isa = PBXBuildFile; fileRef = 333C20692A545D7500F8265C /* RegisterRandNum.swift */; };
		333C206F2A55104D00F8265C /* Location.swift in Sources */ = {isa = PBXBuildFile; fileRef = 333C206E2A55104D00F8265C /* Location.swift */; };
		333C20712A5513A000F8265C /* LoginRequest.swift in Sources */ = {isa = PBXBuildFile; fileRef = 333C20702A5513A000F8265C /* LoginRequest.swift */; };
		333C20732A5514D100F8265C /* Login.swift in Sources */ = {isa = PBXBuildFile; fileRef = 333C20722A5514D100F8265C /* Login.swift */; };
		333C20752A559C6E00F8265C /* JoinRequest.swift in Sources */ = {isa = PBXBuildFile; fileRef = 333C20742A559C6E00F8265C /* JoinRequest.swift */; };
		333C20792A55D94B00F8265C /* SearchPost.swift in Sources */ = {isa = PBXBuildFile; fileRef = 333C20782A55D94B00F8265C /* SearchPost.swift */; };
		333C207B2A55DA4500F8265C /* SearchRequest.swift in Sources */ = {isa = PBXBuildFile; fileRef = 333C207A2A55DA4500F8265C /* SearchRequest.swift */; };
		333C207D2A568F8300F8265C /* GetPostRequest.swift in Sources */ = {isa = PBXBuildFile; fileRef = 333C207C2A568F8300F8265C /* GetPostRequest.swift */; };
		333C207F2A56935300F8265C /* PostList.swift in Sources */ = {isa = PBXBuildFile; fileRef = 333C207E2A56935300F8265C /* PostList.swift */; };
		333C20812A5694A100F8265C /* GetPostListRequest.swift in Sources */ = {isa = PBXBuildFile; fileRef = 333C20802A5694A100F8265C /* GetPostListRequest.swift */; };
		333C20832A569D6400F8265C /* PostReplyRequest.swift in Sources */ = {isa = PBXBuildFile; fileRef = 333C20822A569D6400F8265C /* PostReplyRequest.swift */; };
		333C20852A56A35800F8265C /* STReportViewController.swift in Sources */ = {isa = PBXBuildFile; fileRef = 333C20842A56A35800F8265C /* STReportViewController.swift */; };
		333C20872A56AF3900F8265C /* ReportPostRequest.swift in Sources */ = {isa = PBXBuildFile; fileRef = 333C20862A56AF3900F8265C /* ReportPostRequest.swift */; };
		333C20892A57D14700F8265C /* STBoardListViewController.swift in Sources */ = {isa = PBXBuildFile; fileRef = 333C20882A57D14700F8265C /* STBoardListViewController.swift */; };
		333C208B2A57F20500F8265C /* BoardListRequestswift.swift in Sources */ = {isa = PBXBuildFile; fileRef = 333C208A2A57F20500F8265C /* BoardListRequestswift.swift */; };
		333C208D2A57F8F100F8265C /* PolicyRequest.swift in Sources */ = {isa = PBXBuildFile; fileRef = 333C208C2A57F8F100F8265C /* PolicyRequest.swift */; };
		333C208F2A57F92A00F8265C /* Policy.swift in Sources */ = {isa = PBXBuildFile; fileRef = 333C208E2A57F92A00F8265C /* Policy.swift */; };
		333C20912A5AFEC500F8265C /* ServerData.swift in Sources */ = {isa = PBXBuildFile; fileRef = 333C20902A5AFEC500F8265C /* ServerData.swift */; };
		333C20932A5BD7F300F8265C /* HomeInfo.swift in Sources */ = {isa = PBXBuildFile; fileRef = 333C20922A5BD7F300F8265C /* HomeInfo.swift */; };
		333C20952A5BD8D800F8265C /* HomeInfoRequest.swift in Sources */ = {isa = PBXBuildFile; fileRef = 333C20942A5BD8D800F8265C /* HomeInfoRequest.swift */; };
		33506C172A40456F00BFCBF0 /* Search.storyboard in Resources */ = {isa = PBXBuildFile; fileRef = 33506C162A40456F00BFCBF0 /* Search.storyboard */; };
		33506C192A4045A000BFCBF0 /* STSearchListViewController.swift in Sources */ = {isa = PBXBuildFile; fileRef = 33506C182A4045A000BFCBF0 /* STSearchListViewController.swift */; };
		33506C1D2A40989200BFCBF0 /* STRegisterLocationCollectionViewCell.swift in Sources */ = {isa = PBXBuildFile; fileRef = 33506C1C2A40989200BFCBF0 /* STRegisterLocationCollectionViewCell.swift */; };
		337CB04F2A49550B00A7E375 /* STPostViewController.swift in Sources */ = {isa = PBXBuildFile; fileRef = 337CB04E2A49550B00A7E375 /* STPostViewController.swift */; };
		3399BAF52A400E9400A56A4B /* String+.swift in Sources */ = {isa = PBXBuildFile; fileRef = 3399BAF42A400E9400A56A4B /* String+.swift */; };
		3399BAF82A40122100A56A4B /* AnyFormatKit in Frameworks */ = {isa = PBXBuildFile; productRef = 3399BAF72A40122100A56A4B /* AnyFormatKit */; };
		3399BAFA2A401C2400A56A4B /* STJoinRegisterViewController.swift in Sources */ = {isa = PBXBuildFile; fileRef = 3399BAF92A401C2400A56A4B /* STJoinRegisterViewController.swift */; };
		3399BAFC2A402FE200A56A4B /* UIView+.swift in Sources */ = {isa = PBXBuildFile; fileRef = 3399BAFB2A402FE200A56A4B /* UIView+.swift */; };
		339AE2C42A273FE8006005AE /* APIClient.swift in Sources */ = {isa = PBXBuildFile; fileRef = 339AE2C32A273FE8006005AE /* APIClient.swift */; };
		33BB8BF72A41562400CAD3A5 /* STRegisterJobCollectionViewCell.swift in Sources */ = {isa = PBXBuildFile; fileRef = 33BB8BF62A41562400CAD3A5 /* STRegisterJobCollectionViewCell.swift */; };
		33D30C1C2A4485170053C0CF /* myPage.swift in Sources */ = {isa = PBXBuildFile; fileRef = 33D30C1B2A4485170053C0CF /* myPage.swift */; };
		33D30C1F2A4489E00053C0CF /* STMyPageTableViewCell.swift in Sources */ = {isa = PBXBuildFile; fileRef = 33D30C1E2A4489E00053C0CF /* STMyPageTableViewCell.swift */; };
		33D30C232A453A710053C0CF /* STMyPageFAQViewController.swift in Sources */ = {isa = PBXBuildFile; fileRef = 33D30C222A453A710053C0CF /* STMyPageFAQViewController.swift */; };
		33D30C2B2A4543A90053C0CF /* STMyPageNoticeViewController.swift in Sources */ = {isa = PBXBuildFile; fileRef = 33D30C2A2A4543A90053C0CF /* STMyPageNoticeViewController.swift */; };
		33D30C2D2A4543CC0053C0CF /* STMyPageTermsViewController.swift in Sources */ = {isa = PBXBuildFile; fileRef = 33D30C2C2A4543CC0053C0CF /* STMyPageTermsViewController.swift */; };
		33D30C2F2A4543DE0053C0CF /* STMyPagePrivacyPolicyViewController.swift in Sources */ = {isa = PBXBuildFile; fileRef = 33D30C2E2A4543DE0053C0CF /* STMyPagePrivacyPolicyViewController.swift */; };
		33D30C312A45472D0053C0CF /* STMyPagePopUpViewController.swift in Sources */ = {isa = PBXBuildFile; fileRef = 33D30C302A45472D0053C0CF /* STMyPagePopUpViewController.swift */; };
		33D4C9552A5C5D4E0099E94A /* STBoardTableViewCell.swift in Sources */ = {isa = PBXBuildFile; fileRef = 33D4C9542A5C5D4D0099E94A /* STBoardTableViewCell.swift */; };
		33D4C9572A5C65A30099E94A /* STLikedBoardTableViewCell.swift in Sources */ = {isa = PBXBuildFile; fileRef = 33D4C9562A5C65A30099E94A /* STLikedBoardTableViewCell.swift */; };
		33D4C9592A5D07E50099E94A /* UIButton+.swift in Sources */ = {isa = PBXBuildFile; fileRef = 33D4C9582A5D07E50099E94A /* UIButton+.swift */; };
		33D4C95B2A5D2EC50099E94A /* Int+.swift in Sources */ = {isa = PBXBuildFile; fileRef = 33D4C95A2A5D2EC50099E94A /* Int+.swift */; };
		33D4C95D2A5D4AC60099E94A /* UIViewController+.swift in Sources */ = {isa = PBXBuildFile; fileRef = 33D4C95C2A5D4AC60099E94A /* UIViewController+.swift */; };
		33D4C95F2A5D551A0099E94A /* PostPostRequest.swift in Sources */ = {isa = PBXBuildFile; fileRef = 33D4C95E2A5D551A0099E94A /* PostPostRequest.swift */; };
		33D4C9612A5E66480099E94A /* LikePostRequest.swift in Sources */ = {isa = PBXBuildFile; fileRef = 33D4C9602A5E66480099E94A /* LikePostRequest.swift */; };
		33D4C9632A5E6F090099E94A /* ScarpPostRequest.swift in Sources */ = {isa = PBXBuildFile; fileRef = 33D4C9622A5E6F090099E94A /* ScarpPostRequest.swift */; };
		B2C2254729D6BE4E00222C8A /* AppDelegate.swift in Sources */ = {isa = PBXBuildFile; fileRef = B2C2254629D6BE4E00222C8A /* AppDelegate.swift */; };
		B2C2254929D6BE4E00222C8A /* SceneDelegate.swift in Sources */ = {isa = PBXBuildFile; fileRef = B2C2254829D6BE4E00222C8A /* SceneDelegate.swift */; };
		B2C2254B29D6BE4E00222C8A /* ViewController.swift in Sources */ = {isa = PBXBuildFile; fileRef = B2C2254A29D6BE4E00222C8A /* ViewController.swift */; };
		B2C2254E29D6BE4E00222C8A /* Main.storyboard in Resources */ = {isa = PBXBuildFile; fileRef = B2C2254C29D6BE4E00222C8A /* Main.storyboard */; };
		B2C2255029D6BE5100222C8A /* Assets.xcassets in Resources */ = {isa = PBXBuildFile; fileRef = B2C2254F29D6BE5100222C8A /* Assets.xcassets */; };
		B2C2255329D6BE5100222C8A /* LaunchScreen.storyboard in Resources */ = {isa = PBXBuildFile; fileRef = B2C2255129D6BE5100222C8A /* LaunchScreen.storyboard */; };
		B2C2255E29D6BE5100222C8A /* Streetalk2_0Tests.swift in Sources */ = {isa = PBXBuildFile; fileRef = B2C2255D29D6BE5100222C8A /* Streetalk2_0Tests.swift */; };
		B2C2256829D6BE5100222C8A /* Streetalk2_0UITests.swift in Sources */ = {isa = PBXBuildFile; fileRef = B2C2256729D6BE5100222C8A /* Streetalk2_0UITests.swift */; };
		B2C2256A29D6BE5100222C8A /* Streetalk2_0UITestsLaunchTests.swift in Sources */ = {isa = PBXBuildFile; fileRef = B2C2256929D6BE5100222C8A /* Streetalk2_0UITestsLaunchTests.swift */; };
		B2C2257729D6BE8100222C8A /* STMainViewController.swift in Sources */ = {isa = PBXBuildFile; fileRef = B2C2257629D6BE8100222C8A /* STMainViewController.swift */; };
		B2C2257929D6BF2000222C8A /* STTabBarController.swift in Sources */ = {isa = PBXBuildFile; fileRef = B2C2257829D6BF2000222C8A /* STTabBarController.swift */; };
/* End PBXBuildFile section */

/* Begin PBXContainerItemProxy section */
		B2C2255A29D6BE5100222C8A /* PBXContainerItemProxy */ = {
			isa = PBXContainerItemProxy;
			containerPortal = B2C2253B29D6BE4E00222C8A /* Project object */;
			proxyType = 1;
			remoteGlobalIDString = B2C2254229D6BE4E00222C8A;
			remoteInfo = Streetalk2.0;
		};
		B2C2256429D6BE5100222C8A /* PBXContainerItemProxy */ = {
			isa = PBXContainerItemProxy;
			containerPortal = B2C2253B29D6BE4E00222C8A /* Project object */;
			proxyType = 1;
			remoteGlobalIDString = B2C2254229D6BE4E00222C8A;
			remoteInfo = Streetalk2.0;
		};
/* End PBXContainerItemProxy section */

/* Begin PBXFileReference section */
		330438F02A315E95008123AD /* Address.swift */ = {isa = PBXFileReference; lastKnownFileType = sourcecode.swift; path = Address.swift; sourceTree = "<group>"; };
		330438F22A315F55008123AD /* Industry.swift */ = {isa = PBXFileReference; lastKnownFileType = sourcecode.swift; path = Industry.swift; sourceTree = "<group>"; };
		330438F42A316005008123AD /* User.swift */ = {isa = PBXFileReference; lastKnownFileType = sourcecode.swift; path = User.swift; sourceTree = "<group>"; };
		330438F62A3161B9008123AD /* Board.swift */ = {isa = PBXFileReference; lastKnownFileType = sourcecode.swift; path = Board.swift; sourceTree = "<group>"; };
		330438F82A316217008123AD /* Post.swift */ = {isa = PBXFileReference; lastKnownFileType = sourcecode.swift; path = Post.swift; sourceTree = "<group>"; };
		330438FA2A316323008123AD /* Reply.swift */ = {isa = PBXFileReference; lastKnownFileType = sourcecode.swift; path = Reply.swift; sourceTree = "<group>"; };
		330438FC2A31647D008123AD /* NetworkResponse.swift */ = {isa = PBXFileReference; lastKnownFileType = sourcecode.swift; path = NetworkResponse.swift; sourceTree = "<group>"; };
		330438FE2A33604C008123AD /* APIError.swift */ = {isa = PBXFileReference; lastKnownFileType = sourcecode.swift; path = APIError.swift; sourceTree = "<group>"; };
		330439002A3460F5008123AD /* Requestable.swift */ = {isa = PBXFileReference; lastKnownFileType = sourcecode.swift; path = Requestable.swift; sourceTree = "<group>"; };
		330439022A346551008123AD /* AddReplyRequest.swift */ = {isa = PBXFileReference; lastKnownFileType = sourcecode.swift; path = AddReplyRequest.swift; sourceTree = "<group>"; };
		330439042A34701C008123AD /* UserInfoRequest.swift */ = {isa = PBXFileReference; lastKnownFileType = sourcecode.swift; path = UserInfoRequest.swift; sourceTree = "<group>"; };
		330CE9702A3843D400BFA26F /* UIColor+.swift */ = {isa = PBXFileReference; lastKnownFileType = sourcecode.swift; path = "UIColor+.swift"; sourceTree = "<group>"; };
		330CE9722A38444400BFA26F /* STButton.swift */ = {isa = PBXFileReference; lastKnownFileType = sourcecode.swift; path = STButton.swift; sourceTree = "<group>"; };
		330CE9742A385F4400BFA26F /* STHomeViewController.swift */ = {isa = PBXFileReference; lastKnownFileType = sourcecode.swift; path = STHomeViewController.swift; sourceTree = "<group>"; };
		330CE9782A38627F00BFA26F /* STCollectionReusableView.swift */ = {isa = PBXFileReference; lastKnownFileType = sourcecode.swift; path = STCollectionReusableView.swift; sourceTree = "<group>"; };
		330CE97A2A38634600BFA26F /* STCollectionViewFlowLayout.swift */ = {isa = PBXFileReference; lastKnownFileType = sourcecode.swift; path = STCollectionViewFlowLayout.swift; sourceTree = "<group>"; };
		330CE9822A38A4F700BFA26F /* Join.storyboard */ = {isa = PBXFileReference; lastKnownFileType = file.storyboard; path = Join.storyboard; sourceTree = "<group>"; };
		330CE9842A38A51A00BFA26F /* STJoinViewController.swift */ = {isa = PBXFileReference; lastKnownFileType = sourcecode.swift; path = STJoinViewController.swift; sourceTree = "<group>"; };
		330CE98C2A3A8B8500BFA26F /* STRootViewController.swift */ = {isa = PBXFileReference; lastKnownFileType = sourcecode.swift; path = STRootViewController.swift; sourceTree = "<group>"; };
		330CE98E2A3A909600BFA26F /* Board.storyboard */ = {isa = PBXFileReference; lastKnownFileType = file.storyboard; path = Board.storyboard; sourceTree = "<group>"; };
		330CE9902A3A90AA00BFA26F /* Alert.storyboard */ = {isa = PBXFileReference; lastKnownFileType = file.storyboard; path = Alert.storyboard; sourceTree = "<group>"; };
		330CE9922A3A90B200BFA26F /* MyPage.storyboard */ = {isa = PBXFileReference; lastKnownFileType = file.storyboard; path = MyPage.storyboard; sourceTree = "<group>"; };
		330CE9942A3A90BE00BFA26F /* Write.storyboard */ = {isa = PBXFileReference; lastKnownFileType = file.storyboard; path = Write.storyboard; sourceTree = "<group>"; };
		330CE9962A3A913700BFA26F /* STPostListViewController.swift */ = {isa = PBXFileReference; lastKnownFileType = sourcecode.swift; path = STPostListViewController.swift; sourceTree = "<group>"; };
		330CE9982A3A94A900BFA26F /* STAlertListViewController.swift */ = {isa = PBXFileReference; lastKnownFileType = sourcecode.swift; path = STAlertListViewController.swift; sourceTree = "<group>"; };
		330CE99A2A3A955000BFA26F /* STMyPageListViewController.swift */ = {isa = PBXFileReference; lastKnownFileType = sourcecode.swift; path = STMyPageListViewController.swift; sourceTree = "<group>"; };
		330CE99C2A3A961000BFA26F /* STWriteViewController.swift */ = {isa = PBXFileReference; lastKnownFileType = sourcecode.swift; path = STWriteViewController.swift; sourceTree = "<group>"; };
		330CE9A02A3B506400BFA26F /* STTextView.swift */ = {isa = PBXFileReference; lastKnownFileType = sourcecode.swift; path = STTextView.swift; sourceTree = "<group>"; };
		330CE9A22A3C35B600BFA26F /* STJoinMobileAuthViewController.swift */ = {isa = PBXFileReference; lastKnownFileType = sourcecode.swift; path = STJoinMobileAuthViewController.swift; sourceTree = "<group>"; };
		3314278A2A4EFABB004AFF23 /* STPostTableViewCell.swift */ = {isa = PBXFileReference; lastKnownFileType = sourcecode.swift; path = STPostTableViewCell.swift; sourceTree = "<group>"; };
		3314278E2A541EAC004AFF23 /* STReplyTableViewCell.swift */ = {isa = PBXFileReference; lastKnownFileType = sourcecode.swift; path = STReplyTableViewCell.swift; sourceTree = "<group>"; };
		332FEA812A4959FB00FF2C73 /* STPostContentsCollectionViewCell.swift */ = {isa = PBXFileReference; lastKnownFileType = sourcecode.swift; path = STPostContentsCollectionViewCell.swift; sourceTree = "<group>"; };
		333C20672A545C9F00F8265C /* RegisterRequest.swift */ = {isa = PBXFileReference; lastKnownFileType = sourcecode.swift; path = RegisterRequest.swift; sourceTree = "<group>"; };
		333C20692A545D7500F8265C /* RegisterRandNum.swift */ = {isa = PBXFileReference; lastKnownFileType = sourcecode.swift; path = RegisterRandNum.swift; sourceTree = "<group>"; };
		333C206E2A55104D00F8265C /* Location.swift */ = {isa = PBXFileReference; lastKnownFileType = sourcecode.swift; path = Location.swift; sourceTree = "<group>"; };
		333C20702A5513A000F8265C /* LoginRequest.swift */ = {isa = PBXFileReference; lastKnownFileType = sourcecode.swift; path = LoginRequest.swift; sourceTree = "<group>"; };
		333C20722A5514D100F8265C /* Login.swift */ = {isa = PBXFileReference; lastKnownFileType = sourcecode.swift; path = Login.swift; sourceTree = "<group>"; };
		333C20742A559C6E00F8265C /* JoinRequest.swift */ = {isa = PBXFileReference; lastKnownFileType = sourcecode.swift; path = JoinRequest.swift; sourceTree = "<group>"; };
		333C20782A55D94B00F8265C /* SearchPost.swift */ = {isa = PBXFileReference; lastKnownFileType = sourcecode.swift; path = SearchPost.swift; sourceTree = "<group>"; };
		333C207A2A55DA4500F8265C /* SearchRequest.swift */ = {isa = PBXFileReference; lastKnownFileType = sourcecode.swift; path = SearchRequest.swift; sourceTree = "<group>"; };
		333C207C2A568F8300F8265C /* GetPostRequest.swift */ = {isa = PBXFileReference; lastKnownFileType = sourcecode.swift; path = GetPostRequest.swift; sourceTree = "<group>"; };
		333C207E2A56935300F8265C /* PostList.swift */ = {isa = PBXFileReference; lastKnownFileType = sourcecode.swift; path = PostList.swift; sourceTree = "<group>"; };
		333C20802A5694A100F8265C /* GetPostListRequest.swift */ = {isa = PBXFileReference; lastKnownFileType = sourcecode.swift; path = GetPostListRequest.swift; sourceTree = "<group>"; };
		333C20822A569D6400F8265C /* PostReplyRequest.swift */ = {isa = PBXFileReference; lastKnownFileType = sourcecode.swift; path = PostReplyRequest.swift; sourceTree = "<group>"; };
		333C20842A56A35800F8265C /* STReportViewController.swift */ = {isa = PBXFileReference; lastKnownFileType = sourcecode.swift; path = STReportViewController.swift; sourceTree = "<group>"; };
		333C20862A56AF3900F8265C /* ReportPostRequest.swift */ = {isa = PBXFileReference; lastKnownFileType = sourcecode.swift; path = ReportPostRequest.swift; sourceTree = "<group>"; };
		333C20882A57D14700F8265C /* STBoardListViewController.swift */ = {isa = PBXFileReference; lastKnownFileType = sourcecode.swift; path = STBoardListViewController.swift; sourceTree = "<group>"; };
		333C208A2A57F20500F8265C /* BoardListRequestswift.swift */ = {isa = PBXFileReference; lastKnownFileType = sourcecode.swift; path = BoardListRequestswift.swift; sourceTree = "<group>"; };
		333C208C2A57F8F100F8265C /* PolicyRequest.swift */ = {isa = PBXFileReference; lastKnownFileType = sourcecode.swift; path = PolicyRequest.swift; sourceTree = "<group>"; };
		333C208E2A57F92A00F8265C /* Policy.swift */ = {isa = PBXFileReference; lastKnownFileType = sourcecode.swift; path = Policy.swift; sourceTree = "<group>"; };
		333C20902A5AFEC500F8265C /* ServerData.swift */ = {isa = PBXFileReference; lastKnownFileType = sourcecode.swift; path = ServerData.swift; sourceTree = "<group>"; };
		333C20922A5BD7F300F8265C /* HomeInfo.swift */ = {isa = PBXFileReference; lastKnownFileType = sourcecode.swift; path = HomeInfo.swift; sourceTree = "<group>"; };
		333C20942A5BD8D800F8265C /* HomeInfoRequest.swift */ = {isa = PBXFileReference; lastKnownFileType = sourcecode.swift; path = HomeInfoRequest.swift; sourceTree = "<group>"; };
		33506C162A40456F00BFCBF0 /* Search.storyboard */ = {isa = PBXFileReference; lastKnownFileType = file.storyboard; path = Search.storyboard; sourceTree = "<group>"; };
		33506C182A4045A000BFCBF0 /* STSearchListViewController.swift */ = {isa = PBXFileReference; lastKnownFileType = sourcecode.swift; path = STSearchListViewController.swift; sourceTree = "<group>"; };
		33506C1C2A40989200BFCBF0 /* STRegisterLocationCollectionViewCell.swift */ = {isa = PBXFileReference; lastKnownFileType = sourcecode.swift; path = STRegisterLocationCollectionViewCell.swift; sourceTree = "<group>"; };
		337CB04E2A49550B00A7E375 /* STPostViewController.swift */ = {isa = PBXFileReference; lastKnownFileType = sourcecode.swift; path = STPostViewController.swift; sourceTree = "<group>"; };
		3399BAF42A400E9400A56A4B /* String+.swift */ = {isa = PBXFileReference; lastKnownFileType = sourcecode.swift; path = "String+.swift"; sourceTree = "<group>"; };
		3399BAF92A401C2400A56A4B /* STJoinRegisterViewController.swift */ = {isa = PBXFileReference; lastKnownFileType = sourcecode.swift; path = STJoinRegisterViewController.swift; sourceTree = "<group>"; };
		3399BAFB2A402FE200A56A4B /* UIView+.swift */ = {isa = PBXFileReference; lastKnownFileType = sourcecode.swift; path = "UIView+.swift"; sourceTree = "<group>"; };
		339AE2C32A273FE8006005AE /* APIClient.swift */ = {isa = PBXFileReference; lastKnownFileType = sourcecode.swift; path = APIClient.swift; sourceTree = "<group>"; };
		33BB8BF62A41562400CAD3A5 /* STRegisterJobCollectionViewCell.swift */ = {isa = PBXFileReference; lastKnownFileType = sourcecode.swift; path = STRegisterJobCollectionViewCell.swift; sourceTree = "<group>"; };
		33D30C1B2A4485170053C0CF /* myPage.swift */ = {isa = PBXFileReference; lastKnownFileType = sourcecode.swift; path = myPage.swift; sourceTree = "<group>"; };
		33D30C1E2A4489E00053C0CF /* STMyPageTableViewCell.swift */ = {isa = PBXFileReference; lastKnownFileType = sourcecode.swift; path = STMyPageTableViewCell.swift; sourceTree = "<group>"; };
		33D30C222A453A710053C0CF /* STMyPageFAQViewController.swift */ = {isa = PBXFileReference; lastKnownFileType = sourcecode.swift; path = STMyPageFAQViewController.swift; sourceTree = "<group>"; };
		33D30C2A2A4543A90053C0CF /* STMyPageNoticeViewController.swift */ = {isa = PBXFileReference; lastKnownFileType = sourcecode.swift; path = STMyPageNoticeViewController.swift; sourceTree = "<group>"; };
		33D30C2C2A4543CC0053C0CF /* STMyPageTermsViewController.swift */ = {isa = PBXFileReference; lastKnownFileType = sourcecode.swift; path = STMyPageTermsViewController.swift; sourceTree = "<group>"; };
		33D30C2E2A4543DE0053C0CF /* STMyPagePrivacyPolicyViewController.swift */ = {isa = PBXFileReference; lastKnownFileType = sourcecode.swift; path = STMyPagePrivacyPolicyViewController.swift; sourceTree = "<group>"; };
		33D30C302A45472D0053C0CF /* STMyPagePopUpViewController.swift */ = {isa = PBXFileReference; lastKnownFileType = sourcecode.swift; path = STMyPagePopUpViewController.swift; sourceTree = "<group>"; };
		33D4C9542A5C5D4D0099E94A /* STBoardTableViewCell.swift */ = {isa = PBXFileReference; lastKnownFileType = sourcecode.swift; path = STBoardTableViewCell.swift; sourceTree = "<group>"; };
		33D4C9562A5C65A30099E94A /* STLikedBoardTableViewCell.swift */ = {isa = PBXFileReference; lastKnownFileType = sourcecode.swift; path = STLikedBoardTableViewCell.swift; sourceTree = "<group>"; };
		33D4C9582A5D07E50099E94A /* UIButton+.swift */ = {isa = PBXFileReference; lastKnownFileType = sourcecode.swift; path = "UIButton+.swift"; sourceTree = "<group>"; };
		33D4C95A2A5D2EC50099E94A /* Int+.swift */ = {isa = PBXFileReference; lastKnownFileType = sourcecode.swift; path = "Int+.swift"; sourceTree = "<group>"; };
		33D4C95C2A5D4AC60099E94A /* UIViewController+.swift */ = {isa = PBXFileReference; lastKnownFileType = sourcecode.swift; path = "UIViewController+.swift"; sourceTree = "<group>"; };
		33D4C95E2A5D551A0099E94A /* PostPostRequest.swift */ = {isa = PBXFileReference; lastKnownFileType = sourcecode.swift; path = PostPostRequest.swift; sourceTree = "<group>"; };
		33D4C9602A5E66480099E94A /* LikePostRequest.swift */ = {isa = PBXFileReference; lastKnownFileType = sourcecode.swift; path = LikePostRequest.swift; sourceTree = "<group>"; };
		33D4C9622A5E6F090099E94A /* ScarpPostRequest.swift */ = {isa = PBXFileReference; lastKnownFileType = sourcecode.swift; path = ScarpPostRequest.swift; sourceTree = "<group>"; };
		B2C2254329D6BE4E00222C8A /* Streetalk2.0.app */ = {isa = PBXFileReference; explicitFileType = wrapper.application; includeInIndex = 0; path = Streetalk2.0.app; sourceTree = BUILT_PRODUCTS_DIR; };
		B2C2254629D6BE4E00222C8A /* AppDelegate.swift */ = {isa = PBXFileReference; lastKnownFileType = sourcecode.swift; path = AppDelegate.swift; sourceTree = "<group>"; };
		B2C2254829D6BE4E00222C8A /* SceneDelegate.swift */ = {isa = PBXFileReference; lastKnownFileType = sourcecode.swift; path = SceneDelegate.swift; sourceTree = "<group>"; };
		B2C2254A29D6BE4E00222C8A /* ViewController.swift */ = {isa = PBXFileReference; lastKnownFileType = sourcecode.swift; path = ViewController.swift; sourceTree = "<group>"; };
		B2C2254D29D6BE4E00222C8A /* Base */ = {isa = PBXFileReference; lastKnownFileType = file.storyboard; name = Base; path = Base.lproj/Main.storyboard; sourceTree = "<group>"; };
		B2C2254F29D6BE5100222C8A /* Assets.xcassets */ = {isa = PBXFileReference; lastKnownFileType = folder.assetcatalog; path = Assets.xcassets; sourceTree = "<group>"; };
		B2C2255229D6BE5100222C8A /* Base */ = {isa = PBXFileReference; lastKnownFileType = file.storyboard; name = Base; path = Base.lproj/LaunchScreen.storyboard; sourceTree = "<group>"; };
		B2C2255429D6BE5100222C8A /* Info.plist */ = {isa = PBXFileReference; lastKnownFileType = text.plist.xml; path = Info.plist; sourceTree = "<group>"; };
		B2C2255929D6BE5100222C8A /* Streetalk2.0Tests.xctest */ = {isa = PBXFileReference; explicitFileType = wrapper.cfbundle; includeInIndex = 0; path = Streetalk2.0Tests.xctest; sourceTree = BUILT_PRODUCTS_DIR; };
		B2C2255D29D6BE5100222C8A /* Streetalk2_0Tests.swift */ = {isa = PBXFileReference; lastKnownFileType = sourcecode.swift; path = Streetalk2_0Tests.swift; sourceTree = "<group>"; };
		B2C2256329D6BE5100222C8A /* Streetalk2.0UITests.xctest */ = {isa = PBXFileReference; explicitFileType = wrapper.cfbundle; includeInIndex = 0; path = Streetalk2.0UITests.xctest; sourceTree = BUILT_PRODUCTS_DIR; };
		B2C2256729D6BE5100222C8A /* Streetalk2_0UITests.swift */ = {isa = PBXFileReference; lastKnownFileType = sourcecode.swift; path = Streetalk2_0UITests.swift; sourceTree = "<group>"; };
		B2C2256929D6BE5100222C8A /* Streetalk2_0UITestsLaunchTests.swift */ = {isa = PBXFileReference; lastKnownFileType = sourcecode.swift; path = Streetalk2_0UITestsLaunchTests.swift; sourceTree = "<group>"; };
		B2C2257629D6BE8100222C8A /* STMainViewController.swift */ = {isa = PBXFileReference; lastKnownFileType = sourcecode.swift; path = STMainViewController.swift; sourceTree = "<group>"; };
		B2C2257829D6BF2000222C8A /* STTabBarController.swift */ = {isa = PBXFileReference; lastKnownFileType = sourcecode.swift; path = STTabBarController.swift; sourceTree = "<group>"; };
/* End PBXFileReference section */

/* Begin PBXFrameworksBuildPhase section */
		B2C2254029D6BE4E00222C8A /* Frameworks */ = {
			isa = PBXFrameworksBuildPhase;
			buildActionMask = 2147483647;
			files = (
				3399BAF82A40122100A56A4B /* AnyFormatKit in Frameworks */,
			);
			runOnlyForDeploymentPostprocessing = 0;
		};
		B2C2255629D6BE5100222C8A /* Frameworks */ = {
			isa = PBXFrameworksBuildPhase;
			buildActionMask = 2147483647;
			files = (
			);
			runOnlyForDeploymentPostprocessing = 0;
		};
		B2C2256029D6BE5100222C8A /* Frameworks */ = {
			isa = PBXFrameworksBuildPhase;
			buildActionMask = 2147483647;
			files = (
			);
			runOnlyForDeploymentPostprocessing = 0;
		};
/* End PBXFrameworksBuildPhase section */

/* Begin PBXGroup section */
		330CE96F2A3843A800BFA26F /* Extension */ = {
			isa = PBXGroup;
			children = (
				330CE9702A3843D400BFA26F /* UIColor+.swift */,
				33D4C9582A5D07E50099E94A /* UIButton+.swift */,
				3399BAFB2A402FE200A56A4B /* UIView+.swift */,
				3399BAF42A400E9400A56A4B /* String+.swift */,
				33D4C95C2A5D4AC60099E94A /* UIViewController+.swift */,
				33D4C95A2A5D2EC50099E94A /* Int+.swift */,
			);
			path = Extension;
			sourceTree = "<group>";
		};
		333C206B2A5486DC00F8265C /* Request */ = {
			isa = PBXGroup;
			children = (
				330439022A346551008123AD /* AddReplyRequest.swift */,
				330439042A34701C008123AD /* UserInfoRequest.swift */,
				333C20672A545C9F00F8265C /* RegisterRequest.swift */,
				333C20702A5513A000F8265C /* LoginRequest.swift */,
				333C20742A559C6E00F8265C /* JoinRequest.swift */,
				333C207A2A55DA4500F8265C /* SearchRequest.swift */,
				333C207C2A568F8300F8265C /* GetPostRequest.swift */,
				333C20802A5694A100F8265C /* GetPostListRequest.swift */,
				333C20822A569D6400F8265C /* PostReplyRequest.swift */,
				33D4C95E2A5D551A0099E94A /* PostPostRequest.swift */,
				333C20862A56AF3900F8265C /* ReportPostRequest.swift */,
				333C208A2A57F20500F8265C /* BoardListRequestswift.swift */,
				333C208C2A57F8F100F8265C /* PolicyRequest.swift */,
				333C20942A5BD8D800F8265C /* HomeInfoRequest.swift */,
				33D4C9602A5E66480099E94A /* LikePostRequest.swift */,
				33D4C9622A5E6F090099E94A /* ScarpPostRequest.swift */,
			);
			path = Request;
			sourceTree = "<group>";
		};
		339AE2BE2A273F5D006005AE /* APIService */ = {
			isa = PBXGroup;
			children = (
				339AE2C32A273FE8006005AE /* APIClient.swift */,
				330438FE2A33604C008123AD /* APIError.swift */,
				330439002A3460F5008123AD /* Requestable.swift */,
				333C206B2A5486DC00F8265C /* Request */,
			);
			path = APIService;
			sourceTree = "<group>";
		};
		339AE2BF2A273F6C006005AE /* Model */ = {
			isa = PBXGroup;
			children = (
				330438FC2A31647D008123AD /* NetworkResponse.swift */,
				330438F42A316005008123AD /* User.swift */,
				330438F02A315E95008123AD /* Address.swift */,
				333C20922A5BD7F300F8265C /* HomeInfo.swift */,
				333C206E2A55104D00F8265C /* Location.swift */,
				333C208E2A57F92A00F8265C /* Policy.swift */,
				330438F22A315F55008123AD /* Industry.swift */,
				333C20722A5514D100F8265C /* Login.swift */,
				330438F62A3161B9008123AD /* Board.swift */,
				330438F82A316217008123AD /* Post.swift */,
				330438FA2A316323008123AD /* Reply.swift */,
				333C20692A545D7500F8265C /* RegisterRandNum.swift */,
				333C20782A55D94B00F8265C /* SearchPost.swift */,
				333C207E2A56935300F8265C /* PostList.swift */,
			);
			path = Model;
			sourceTree = "<group>";
		};
		339AE2C02A273F74006005AE /* View */ = {
			isa = PBXGroup;
			children = (
				B2C2255129D6BE5100222C8A /* LaunchScreen.storyboard */,
				330CE9822A38A4F700BFA26F /* Join.storyboard */,
				B2C2254C29D6BE4E00222C8A /* Main.storyboard */,
				330CE98E2A3A909600BFA26F /* Board.storyboard */,
				330CE9942A3A90BE00BFA26F /* Write.storyboard */,
				33506C162A40456F00BFCBF0 /* Search.storyboard */,
				330CE9902A3A90AA00BFA26F /* Alert.storyboard */,
				330CE9922A3A90B200BFA26F /* MyPage.storyboard */,
				33506C1C2A40989200BFCBF0 /* STRegisterLocationCollectionViewCell.swift */,
				33BB8BF62A41562400CAD3A5 /* STRegisterJobCollectionViewCell.swift */,
				330CE9722A38444400BFA26F /* STButton.swift */,
				330CE9A02A3B506400BFA26F /* STTextView.swift */,
				330CE97A2A38634600BFA26F /* STCollectionViewFlowLayout.swift */,
				33D30C1E2A4489E00053C0CF /* STMyPageTableViewCell.swift */,
				330CE9782A38627F00BFA26F /* STCollectionReusableView.swift */,
				33D4C9562A5C65A30099E94A /* STLikedBoardTableViewCell.swift */,
				332FEA812A4959FB00FF2C73 /* STPostContentsCollectionViewCell.swift */,
				3314278A2A4EFABB004AFF23 /* STPostTableViewCell.swift */,
				33D4C9542A5C5D4D0099E94A /* STBoardTableViewCell.swift */,
				B2C2257829D6BF2000222C8A /* STTabBarController.swift */,
				3314278E2A541EAC004AFF23 /* STReplyTableViewCell.swift */,
			);
			path = View;
			sourceTree = "<group>";
		};
		339AE2C12A273F7B006005AE /* Controller */ = {
			isa = PBXGroup;
			children = (
				B2C2254A29D6BE4E00222C8A /* ViewController.swift */,
				330CE9982A3A94A900BFA26F /* STAlertListViewController.swift */,
				33D30C242A45432A0053C0CF /* Join */,
				33D30C252A45433C0053C0CF /* Main */,
				33D30C262A4543410053C0CF /* Write */,
				33D30C272A4543470053C0CF /* Board */,
				33D30C282A45434F0053C0CF /* Search */,
				33D30C292A4543560053C0CF /* MyPage */,
			);
			path = Controller;
			sourceTree = "<group>";
		};
		339AE2C22A273F89006005AE /* Resoucres */ = {
			isa = PBXGroup;
			children = (
				33D30C1D2A44851A0053C0CF /* Data */,
				B2C2254F29D6BE5100222C8A /* Assets.xcassets */,
			);
			path = Resoucres;
			sourceTree = "<group>";
		};
		33D30C1D2A44851A0053C0CF /* Data */ = {
			isa = PBXGroup;
			children = (
				33D30C1B2A4485170053C0CF /* myPage.swift */,
				333C20902A5AFEC500F8265C /* ServerData.swift */,
			);
			path = Data;
			sourceTree = "<group>";
		};
		33D30C242A45432A0053C0CF /* Join */ = {
			isa = PBXGroup;
			children = (
				330CE9842A38A51A00BFA26F /* STJoinViewController.swift */,
				330CE9A22A3C35B600BFA26F /* STJoinMobileAuthViewController.swift */,
				3399BAF92A401C2400A56A4B /* STJoinRegisterViewController.swift */,
			);
			path = Join;
			sourceTree = "<group>";
		};
		33D30C252A45433C0053C0CF /* Main */ = {
			isa = PBXGroup;
			children = (
				330CE98C2A3A8B8500BFA26F /* STRootViewController.swift */,
				B2C2257629D6BE8100222C8A /* STMainViewController.swift */,
				330CE9742A385F4400BFA26F /* STHomeViewController.swift */,
			);
			path = Main;
			sourceTree = "<group>";
		};
		33D30C262A4543410053C0CF /* Write */ = {
			isa = PBXGroup;
			children = (
				330CE99C2A3A961000BFA26F /* STWriteViewController.swift */,
			);
			path = Write;
			sourceTree = "<group>";
		};
		33D30C272A4543470053C0CF /* Board */ = {
			isa = PBXGroup;
			children = (
				333C20882A57D14700F8265C /* STBoardListViewController.swift */,
				330CE9962A3A913700BFA26F /* STPostListViewController.swift */,
				337CB04E2A49550B00A7E375 /* STPostViewController.swift */,
				333C20842A56A35800F8265C /* STReportViewController.swift */,
			);
			path = Board;
			sourceTree = "<group>";
		};
		33D30C282A45434F0053C0CF /* Search */ = {
			isa = PBXGroup;
			children = (
				33506C182A4045A000BFCBF0 /* STSearchListViewController.swift */,
			);
			path = Search;
			sourceTree = "<group>";
		};
		33D30C292A4543560053C0CF /* MyPage */ = {
			isa = PBXGroup;
			children = (
				330CE99A2A3A955000BFA26F /* STMyPageListViewController.swift */,
				33D30C222A453A710053C0CF /* STMyPageFAQViewController.swift */,
				33D30C302A45472D0053C0CF /* STMyPagePopUpViewController.swift */,
				33D30C2A2A4543A90053C0CF /* STMyPageNoticeViewController.swift */,
				33D30C2C2A4543CC0053C0CF /* STMyPageTermsViewController.swift */,
				33D30C2E2A4543DE0053C0CF /* STMyPagePrivacyPolicyViewController.swift */,
			);
			path = MyPage;
			sourceTree = "<group>";
		};
		B2C2253A29D6BE4E00222C8A = {
			isa = PBXGroup;
			children = (
				B2C2254529D6BE4E00222C8A /* Streetalk2.0 */,
				B2C2255C29D6BE5100222C8A /* Streetalk2.0Tests */,
				B2C2256629D6BE5100222C8A /* Streetalk2.0UITests */,
				B2C2254429D6BE4E00222C8A /* Products */,
			);
			sourceTree = "<group>";
		};
		B2C2254429D6BE4E00222C8A /* Products */ = {
			isa = PBXGroup;
			children = (
				B2C2254329D6BE4E00222C8A /* Streetalk2.0.app */,
				B2C2255929D6BE5100222C8A /* Streetalk2.0Tests.xctest */,
				B2C2256329D6BE5100222C8A /* Streetalk2.0UITests.xctest */,
			);
			name = Products;
			sourceTree = "<group>";
		};
		B2C2254529D6BE4E00222C8A /* Streetalk2.0 */ = {
			isa = PBXGroup;
			children = (
				B2C2255429D6BE5100222C8A /* Info.plist */,
				B2C2254629D6BE4E00222C8A /* AppDelegate.swift */,
				B2C2254829D6BE4E00222C8A /* SceneDelegate.swift */,
				330CE96F2A3843A800BFA26F /* Extension */,
				339AE2C22A273F89006005AE /* Resoucres */,
				339AE2BE2A273F5D006005AE /* APIService */,
				339AE2BF2A273F6C006005AE /* Model */,
				339AE2C02A273F74006005AE /* View */,
				339AE2C12A273F7B006005AE /* Controller */,
			);
			path = Streetalk2.0;
			sourceTree = "<group>";
		};
		B2C2255C29D6BE5100222C8A /* Streetalk2.0Tests */ = {
			isa = PBXGroup;
			children = (
				B2C2255D29D6BE5100222C8A /* Streetalk2_0Tests.swift */,
			);
			path = Streetalk2.0Tests;
			sourceTree = "<group>";
		};
		B2C2256629D6BE5100222C8A /* Streetalk2.0UITests */ = {
			isa = PBXGroup;
			children = (
				B2C2256729D6BE5100222C8A /* Streetalk2_0UITests.swift */,
				B2C2256929D6BE5100222C8A /* Streetalk2_0UITestsLaunchTests.swift */,
			);
			path = Streetalk2.0UITests;
			sourceTree = "<group>";
		};
/* End PBXGroup section */

/* Begin PBXNativeTarget section */
		B2C2254229D6BE4E00222C8A /* Streetalk2.0 */ = {
			isa = PBXNativeTarget;
			buildConfigurationList = B2C2256D29D6BE5100222C8A /* Build configuration list for PBXNativeTarget "Streetalk2.0" */;
			buildPhases = (
				B2C2253F29D6BE4E00222C8A /* Sources */,
				B2C2254029D6BE4E00222C8A /* Frameworks */,
				B2C2254129D6BE4E00222C8A /* Resources */,
			);
			buildRules = (
			);
			dependencies = (
			);
			name = Streetalk2.0;
			packageProductDependencies = (
				3399BAF72A40122100A56A4B /* AnyFormatKit */,
			);
			productName = Streetalk2.0;
			productReference = B2C2254329D6BE4E00222C8A /* Streetalk2.0.app */;
			productType = "com.apple.product-type.application";
		};
		B2C2255829D6BE5100222C8A /* Streetalk2.0Tests */ = {
			isa = PBXNativeTarget;
			buildConfigurationList = B2C2257029D6BE5100222C8A /* Build configuration list for PBXNativeTarget "Streetalk2.0Tests" */;
			buildPhases = (
				B2C2255529D6BE5100222C8A /* Sources */,
				B2C2255629D6BE5100222C8A /* Frameworks */,
				B2C2255729D6BE5100222C8A /* Resources */,
			);
			buildRules = (
			);
			dependencies = (
				B2C2255B29D6BE5100222C8A /* PBXTargetDependency */,
			);
			name = Streetalk2.0Tests;
			productName = Streetalk2.0Tests;
			productReference = B2C2255929D6BE5100222C8A /* Streetalk2.0Tests.xctest */;
			productType = "com.apple.product-type.bundle.unit-test";
		};
		B2C2256229D6BE5100222C8A /* Streetalk2.0UITests */ = {
			isa = PBXNativeTarget;
			buildConfigurationList = B2C2257329D6BE5100222C8A /* Build configuration list for PBXNativeTarget "Streetalk2.0UITests" */;
			buildPhases = (
				B2C2255F29D6BE5100222C8A /* Sources */,
				B2C2256029D6BE5100222C8A /* Frameworks */,
				B2C2256129D6BE5100222C8A /* Resources */,
			);
			buildRules = (
			);
			dependencies = (
				B2C2256529D6BE5100222C8A /* PBXTargetDependency */,
			);
			name = Streetalk2.0UITests;
			productName = Streetalk2.0UITests;
			productReference = B2C2256329D6BE5100222C8A /* Streetalk2.0UITests.xctest */;
			productType = "com.apple.product-type.bundle.ui-testing";
		};
/* End PBXNativeTarget section */

/* Begin PBXProject section */
		B2C2253B29D6BE4E00222C8A /* Project object */ = {
			isa = PBXProject;
			attributes = {
				BuildIndependentTargetsInParallel = 1;
				LastSwiftUpdateCheck = 1410;
				LastUpgradeCheck = 1410;
				TargetAttributes = {
					B2C2254229D6BE4E00222C8A = {
						CreatedOnToolsVersion = 14.1;
					};
					B2C2255829D6BE5100222C8A = {
						CreatedOnToolsVersion = 14.1;
						TestTargetID = B2C2254229D6BE4E00222C8A;
					};
					B2C2256229D6BE5100222C8A = {
						CreatedOnToolsVersion = 14.1;
						TestTargetID = B2C2254229D6BE4E00222C8A;
					};
				};
			};
			buildConfigurationList = B2C2253E29D6BE4E00222C8A /* Build configuration list for PBXProject "Streetalk2.0" */;
			compatibilityVersion = "Xcode 14.0";
			developmentRegion = en;
			hasScannedForEncodings = 0;
			knownRegions = (
				en,
				Base,
			);
			mainGroup = B2C2253A29D6BE4E00222C8A;
			packageReferences = (
				3399BAF62A40122100A56A4B /* XCRemoteSwiftPackageReference "AnyFormatKit" */,
			);
			productRefGroup = B2C2254429D6BE4E00222C8A /* Products */;
			projectDirPath = "";
			projectRoot = "";
			targets = (
				B2C2254229D6BE4E00222C8A /* Streetalk2.0 */,
				B2C2255829D6BE5100222C8A /* Streetalk2.0Tests */,
				B2C2256229D6BE5100222C8A /* Streetalk2.0UITests */,
			);
		};
/* End PBXProject section */

/* Begin PBXResourcesBuildPhase section */
		B2C2254129D6BE4E00222C8A /* Resources */ = {
			isa = PBXResourcesBuildPhase;
			buildActionMask = 2147483647;
			files = (
				B2C2255329D6BE5100222C8A /* LaunchScreen.storyboard in Resources */,
				330CE98F2A3A909600BFA26F /* Board.storyboard in Resources */,
				330CE9952A3A90BE00BFA26F /* Write.storyboard in Resources */,
				B2C2255029D6BE5100222C8A /* Assets.xcassets in Resources */,
				33506C172A40456F00BFCBF0 /* Search.storyboard in Resources */,
				330CE9832A38A4F700BFA26F /* Join.storyboard in Resources */,
				330CE9932A3A90B200BFA26F /* MyPage.storyboard in Resources */,
				B2C2254E29D6BE4E00222C8A /* Main.storyboard in Resources */,
				330CE9912A3A90AA00BFA26F /* Alert.storyboard in Resources */,
			);
			runOnlyForDeploymentPostprocessing = 0;
		};
		B2C2255729D6BE5100222C8A /* Resources */ = {
			isa = PBXResourcesBuildPhase;
			buildActionMask = 2147483647;
			files = (
			);
			runOnlyForDeploymentPostprocessing = 0;
		};
		B2C2256129D6BE5100222C8A /* Resources */ = {
			isa = PBXResourcesBuildPhase;
			buildActionMask = 2147483647;
			files = (
			);
			runOnlyForDeploymentPostprocessing = 0;
		};
/* End PBXResourcesBuildPhase section */

/* Begin PBXSourcesBuildPhase section */
		B2C2253F29D6BE4E00222C8A /* Sources */ = {
			isa = PBXSourcesBuildPhase;
			buildActionMask = 2147483647;
			files = (
				330439012A3460F5008123AD /* Requestable.swift in Sources */,
				B2C2257729D6BE8100222C8A /* STMainViewController.swift in Sources */,
				333C20682A545C9F00F8265C /* RegisterRequest.swift in Sources */,
				333C206A2A545D7500F8265C /* RegisterRandNum.swift in Sources */,
				330CE9752A385F4400BFA26F /* STHomeViewController.swift in Sources */,
				330438F92A316217008123AD /* Post.swift in Sources */,
				B2C2254B29D6BE4E00222C8A /* ViewController.swift in Sources */,
				330CE9992A3A94A900BFA26F /* STAlertListViewController.swift in Sources */,
				3399BAF52A400E9400A56A4B /* String+.swift in Sources */,
				333C208B2A57F20500F8265C /* BoardListRequestswift.swift in Sources */,
				330CE9972A3A913700BFA26F /* STPostListViewController.swift in Sources */,
				337CB04F2A49550B00A7E375 /* STPostViewController.swift in Sources */,
				3399BAFC2A402FE200A56A4B /* UIView+.swift in Sources */,
				330CE9A32A3C35B600BFA26F /* STJoinMobileAuthViewController.swift in Sources */,
				3314278F2A541EAC004AFF23 /* STReplyTableViewCell.swift in Sources */,
				33D30C232A453A710053C0CF /* STMyPageFAQViewController.swift in Sources */,
				3399BAFA2A401C2400A56A4B /* STJoinRegisterViewController.swift in Sources */,
				330CE99B2A3A955000BFA26F /* STMyPageListViewController.swift in Sources */,
				33D4C9592A5D07E50099E94A /* UIButton+.swift in Sources */,
				33506C1D2A40989200BFCBF0 /* STRegisterLocationCollectionViewCell.swift in Sources */,
				33D4C95D2A5D4AC60099E94A /* UIViewController+.swift in Sources */,
				33D30C312A45472D0053C0CF /* STMyPagePopUpViewController.swift in Sources */,
				330438F72A3161B9008123AD /* Board.swift in Sources */,
				33D30C2D2A4543CC0053C0CF /* STMyPageTermsViewController.swift in Sources */,
				B2C2254729D6BE4E00222C8A /* AppDelegate.swift in Sources */,
				333C206F2A55104D00F8265C /* Location.swift in Sources */,
				33BB8BF72A41562400CAD3A5 /* STRegisterJobCollectionViewCell.swift in Sources */,
				330438F32A315F55008123AD /* Industry.swift in Sources */,
				333C20752A559C6E00F8265C /* JoinRequest.swift in Sources */,
				330CE9A12A3B506400BFA26F /* STTextView.swift in Sources */,
				333C20732A5514D100F8265C /* Login.swift in Sources */,
				330439052A34701C008123AD /* UserInfoRequest.swift in Sources */,
				333C20912A5AFEC500F8265C /* ServerData.swift in Sources */,
				333C20712A5513A000F8265C /* LoginRequest.swift in Sources */,
				330438FB2A316323008123AD /* Reply.swift in Sources */,
				333C20812A5694A100F8265C /* GetPostListRequest.swift in Sources */,
				33D30C2B2A4543A90053C0CF /* STMyPageNoticeViewController.swift in Sources */,
				333C207D2A568F8300F8265C /* GetPostRequest.swift in Sources */,
				B2C2254929D6BE4E00222C8A /* SceneDelegate.swift in Sources */,
				33D30C2F2A4543DE0053C0CF /* STMyPagePrivacyPolicyViewController.swift in Sources */,
				330CE9792A38627F00BFA26F /* STCollectionReusableView.swift in Sources */,
				33D4C9612A5E66480099E94A /* LikePostRequest.swift in Sources */,
				33D30C1F2A4489E00053C0CF /* STMyPageTableViewCell.swift in Sources */,
				333C208D2A57F8F100F8265C /* PolicyRequest.swift in Sources */,
				330438F52A316005008123AD /* User.swift in Sources */,
				33D30C1C2A4485170053C0CF /* myPage.swift in Sources */,
				33506C192A4045A000BFCBF0 /* STSearchListViewController.swift in Sources */,
				339AE2C42A273FE8006005AE /* APIClient.swift in Sources */,
				B2C2257929D6BF2000222C8A /* STTabBarController.swift in Sources */,
				33D4C9632A5E6F090099E94A /* ScarpPostRequest.swift in Sources */,
				330CE99D2A3A961000BFA26F /* STWriteViewController.swift in Sources */,
				330CE98D2A3A8B8500BFA26F /* STRootViewController.swift in Sources */,
				330CE9712A3843D400BFA26F /* UIColor+.swift in Sources */,
				333C20872A56AF3900F8265C /* ReportPostRequest.swift in Sources */,
				333C20952A5BD8D800F8265C /* HomeInfoRequest.swift in Sources */,
				330438F12A315E95008123AD /* Address.swift in Sources */,
				332FEA822A4959FB00FF2C73 /* STPostContentsCollectionViewCell.swift in Sources */,
				33D4C9552A5C5D4E0099E94A /* STBoardTableViewCell.swift in Sources */,
				333C20852A56A35800F8265C /* STReportViewController.swift in Sources */,
				330CE9732A38444400BFA26F /* STButton.swift in Sources */,
				330CE9852A38A51A00BFA26F /* STJoinViewController.swift in Sources */,
				333C20792A55D94B00F8265C /* SearchPost.swift in Sources */,
				33D4C95B2A5D2EC50099E94A /* Int+.swift in Sources */,
				333C20832A569D6400F8265C /* PostReplyRequest.swift in Sources */,
				330438FD2A31647D008123AD /* NetworkResponse.swift in Sources */,
				3314278B2A4EFABB004AFF23 /* STPostTableViewCell.swift in Sources */,
				33D4C9572A5C65A30099E94A /* STLikedBoardTableViewCell.swift in Sources */,
				333C207F2A56935300F8265C /* PostList.swift in Sources */,
				330CE97B2A38634600BFA26F /* STCollectionViewFlowLayout.swift in Sources */,
				333C207B2A55DA4500F8265C /* SearchRequest.swift in Sources */,
				333C20932A5BD7F300F8265C /* HomeInfo.swift in Sources */,
				33D4C95F2A5D551A0099E94A /* PostPostRequest.swift in Sources */,
				330439032A346551008123AD /* AddReplyRequest.swift in Sources */,
				333C20892A57D14700F8265C /* STBoardListViewController.swift in Sources */,
				333C208F2A57F92A00F8265C /* Policy.swift in Sources */,
				330438FF2A33604D008123AD /* APIError.swift in Sources */,
			);
			runOnlyForDeploymentPostprocessing = 0;
		};
		B2C2255529D6BE5100222C8A /* Sources */ = {
			isa = PBXSourcesBuildPhase;
			buildActionMask = 2147483647;
			files = (
				B2C2255E29D6BE5100222C8A /* Streetalk2_0Tests.swift in Sources */,
			);
			runOnlyForDeploymentPostprocessing = 0;
		};
		B2C2255F29D6BE5100222C8A /* Sources */ = {
			isa = PBXSourcesBuildPhase;
			buildActionMask = 2147483647;
			files = (
				B2C2256A29D6BE5100222C8A /* Streetalk2_0UITestsLaunchTests.swift in Sources */,
				B2C2256829D6BE5100222C8A /* Streetalk2_0UITests.swift in Sources */,
			);
			runOnlyForDeploymentPostprocessing = 0;
		};
/* End PBXSourcesBuildPhase section */

/* Begin PBXTargetDependency section */
		B2C2255B29D6BE5100222C8A /* PBXTargetDependency */ = {
			isa = PBXTargetDependency;
			target = B2C2254229D6BE4E00222C8A /* Streetalk2.0 */;
			targetProxy = B2C2255A29D6BE5100222C8A /* PBXContainerItemProxy */;
		};
		B2C2256529D6BE5100222C8A /* PBXTargetDependency */ = {
			isa = PBXTargetDependency;
			target = B2C2254229D6BE4E00222C8A /* Streetalk2.0 */;
			targetProxy = B2C2256429D6BE5100222C8A /* PBXContainerItemProxy */;
		};
/* End PBXTargetDependency section */

/* Begin PBXVariantGroup section */
		B2C2254C29D6BE4E00222C8A /* Main.storyboard */ = {
			isa = PBXVariantGroup;
			children = (
				B2C2254D29D6BE4E00222C8A /* Base */,
			);
			name = Main.storyboard;
			sourceTree = "<group>";
		};
		B2C2255129D6BE5100222C8A /* LaunchScreen.storyboard */ = {
			isa = PBXVariantGroup;
			children = (
				B2C2255229D6BE5100222C8A /* Base */,
			);
			name = LaunchScreen.storyboard;
			sourceTree = "<group>";
		};
/* End PBXVariantGroup section */

/* Begin XCBuildConfiguration section */
		B2C2256B29D6BE5100222C8A /* Debug */ = {
			isa = XCBuildConfiguration;
			buildSettings = {
				ALWAYS_SEARCH_USER_PATHS = NO;
				CLANG_ANALYZER_NONNULL = YES;
				CLANG_ANALYZER_NUMBER_OBJECT_CONVERSION = YES_AGGRESSIVE;
				CLANG_CXX_LANGUAGE_STANDARD = "gnu++20";
				CLANG_ENABLE_MODULES = YES;
				CLANG_ENABLE_OBJC_ARC = YES;
				CLANG_ENABLE_OBJC_WEAK = YES;
				CLANG_WARN_BLOCK_CAPTURE_AUTORELEASING = YES;
				CLANG_WARN_BOOL_CONVERSION = YES;
				CLANG_WARN_COMMA = YES;
				CLANG_WARN_CONSTANT_CONVERSION = YES;
				CLANG_WARN_DEPRECATED_OBJC_IMPLEMENTATIONS = YES;
				CLANG_WARN_DIRECT_OBJC_ISA_USAGE = YES_ERROR;
				CLANG_WARN_DOCUMENTATION_COMMENTS = YES;
				CLANG_WARN_EMPTY_BODY = YES;
				CLANG_WARN_ENUM_CONVERSION = YES;
				CLANG_WARN_INFINITE_RECURSION = YES;
				CLANG_WARN_INT_CONVERSION = YES;
				CLANG_WARN_NON_LITERAL_NULL_CONVERSION = YES;
				CLANG_WARN_OBJC_IMPLICIT_RETAIN_SELF = YES;
				CLANG_WARN_OBJC_LITERAL_CONVERSION = YES;
				CLANG_WARN_OBJC_ROOT_CLASS = YES_ERROR;
				CLANG_WARN_QUOTED_INCLUDE_IN_FRAMEWORK_HEADER = YES;
				CLANG_WARN_RANGE_LOOP_ANALYSIS = YES;
				CLANG_WARN_STRICT_PROTOTYPES = YES;
				CLANG_WARN_SUSPICIOUS_MOVE = YES;
				CLANG_WARN_UNGUARDED_AVAILABILITY = YES_AGGRESSIVE;
				CLANG_WARN_UNREACHABLE_CODE = YES;
				CLANG_WARN__DUPLICATE_METHOD_MATCH = YES;
				COPY_PHASE_STRIP = NO;
				DEBUG_INFORMATION_FORMAT = dwarf;
				ENABLE_STRICT_OBJC_MSGSEND = YES;
				ENABLE_TESTABILITY = YES;
				GCC_C_LANGUAGE_STANDARD = gnu11;
				GCC_DYNAMIC_NO_PIC = NO;
				GCC_NO_COMMON_BLOCKS = YES;
				GCC_OPTIMIZATION_LEVEL = 0;
				GCC_PREPROCESSOR_DEFINITIONS = (
					"DEBUG=1",
					"$(inherited)",
				);
				GCC_WARN_64_TO_32_BIT_CONVERSION = YES;
				GCC_WARN_ABOUT_RETURN_TYPE = YES_ERROR;
				GCC_WARN_UNDECLARED_SELECTOR = YES;
				GCC_WARN_UNINITIALIZED_AUTOS = YES_AGGRESSIVE;
				GCC_WARN_UNUSED_FUNCTION = YES;
				GCC_WARN_UNUSED_VARIABLE = YES;
				IPHONEOS_DEPLOYMENT_TARGET = 16.1;
				MTL_ENABLE_DEBUG_INFO = INCLUDE_SOURCE;
				MTL_FAST_MATH = YES;
				ONLY_ACTIVE_ARCH = YES;
				SDKROOT = iphoneos;
				SWIFT_ACTIVE_COMPILATION_CONDITIONS = DEBUG;
				SWIFT_OPTIMIZATION_LEVEL = "-Onone";
			};
			name = Debug;
		};
		B2C2256C29D6BE5100222C8A /* Release */ = {
			isa = XCBuildConfiguration;
			buildSettings = {
				ALWAYS_SEARCH_USER_PATHS = NO;
				CLANG_ANALYZER_NONNULL = YES;
				CLANG_ANALYZER_NUMBER_OBJECT_CONVERSION = YES_AGGRESSIVE;
				CLANG_CXX_LANGUAGE_STANDARD = "gnu++20";
				CLANG_ENABLE_MODULES = YES;
				CLANG_ENABLE_OBJC_ARC = YES;
				CLANG_ENABLE_OBJC_WEAK = YES;
				CLANG_WARN_BLOCK_CAPTURE_AUTORELEASING = YES;
				CLANG_WARN_BOOL_CONVERSION = YES;
				CLANG_WARN_COMMA = YES;
				CLANG_WARN_CONSTANT_CONVERSION = YES;
				CLANG_WARN_DEPRECATED_OBJC_IMPLEMENTATIONS = YES;
				CLANG_WARN_DIRECT_OBJC_ISA_USAGE = YES_ERROR;
				CLANG_WARN_DOCUMENTATION_COMMENTS = YES;
				CLANG_WARN_EMPTY_BODY = YES;
				CLANG_WARN_ENUM_CONVERSION = YES;
				CLANG_WARN_INFINITE_RECURSION = YES;
				CLANG_WARN_INT_CONVERSION = YES;
				CLANG_WARN_NON_LITERAL_NULL_CONVERSION = YES;
				CLANG_WARN_OBJC_IMPLICIT_RETAIN_SELF = YES;
				CLANG_WARN_OBJC_LITERAL_CONVERSION = YES;
				CLANG_WARN_OBJC_ROOT_CLASS = YES_ERROR;
				CLANG_WARN_QUOTED_INCLUDE_IN_FRAMEWORK_HEADER = YES;
				CLANG_WARN_RANGE_LOOP_ANALYSIS = YES;
				CLANG_WARN_STRICT_PROTOTYPES = YES;
				CLANG_WARN_SUSPICIOUS_MOVE = YES;
				CLANG_WARN_UNGUARDED_AVAILABILITY = YES_AGGRESSIVE;
				CLANG_WARN_UNREACHABLE_CODE = YES;
				CLANG_WARN__DUPLICATE_METHOD_MATCH = YES;
				COPY_PHASE_STRIP = NO;
				DEBUG_INFORMATION_FORMAT = "dwarf-with-dsym";
				ENABLE_NS_ASSERTIONS = NO;
				ENABLE_STRICT_OBJC_MSGSEND = YES;
				GCC_C_LANGUAGE_STANDARD = gnu11;
				GCC_NO_COMMON_BLOCKS = YES;
				GCC_WARN_64_TO_32_BIT_CONVERSION = YES;
				GCC_WARN_ABOUT_RETURN_TYPE = YES_ERROR;
				GCC_WARN_UNDECLARED_SELECTOR = YES;
				GCC_WARN_UNINITIALIZED_AUTOS = YES_AGGRESSIVE;
				GCC_WARN_UNUSED_FUNCTION = YES;
				GCC_WARN_UNUSED_VARIABLE = YES;
				IPHONEOS_DEPLOYMENT_TARGET = 16.1;
				MTL_ENABLE_DEBUG_INFO = NO;
				MTL_FAST_MATH = YES;
				SDKROOT = iphoneos;
				SWIFT_COMPILATION_MODE = wholemodule;
				SWIFT_OPTIMIZATION_LEVEL = "-O";
				VALIDATE_PRODUCT = YES;
			};
			name = Release;
		};
		B2C2256E29D6BE5100222C8A /* Debug */ = {
			isa = XCBuildConfiguration;
			buildSettings = {
				ASSETCATALOG_COMPILER_APPICON_NAME = AppIcon;
				ASSETCATALOG_COMPILER_GLOBAL_ACCENT_COLOR_NAME = AccentColor;
				CODE_SIGN_IDENTITY = "Apple Development";
				CODE_SIGN_STYLE = Automatic;
				CURRENT_PROJECT_VERSION = 1;
				DEVELOPMENT_TEAM = 6W8N7TVCPJ;
				GENERATE_INFOPLIST_FILE = YES;
				INFOPLIST_FILE = Streetalk2.0/Info.plist;
				INFOPLIST_KEY_CFBundleDisplayName = "스트릿톡";
				INFOPLIST_KEY_LSApplicationCategoryType = "public.app-category.social-networking";
				INFOPLIST_KEY_NSLocationAlwaysAndWhenInUseUsageDescription = "사용자의 위치 정보에 접근합니다. 앱의 정상적인 실행을 위해 반드시 허용해주시기 바랍니다.";
				INFOPLIST_KEY_NSLocationWhenInUseUsageDescription = "사용자의 위치 정보에 접근합니다. 앱의 정상적인 실행을 위해 반드시 허용해주시기 바랍니다.";
				INFOPLIST_KEY_UIApplicationSupportsIndirectInputEvents = YES;
				INFOPLIST_KEY_UILaunchStoryboardName = LaunchScreen;
				INFOPLIST_KEY_UIMainStoryboardFile = Main;
				INFOPLIST_KEY_UISupportedInterfaceOrientations = UIInterfaceOrientationPortrait;
				INFOPLIST_KEY_UISupportedInterfaceOrientations_iPad = "UIInterfaceOrientationLandscapeLeft UIInterfaceOrientationLandscapeRight UIInterfaceOrientationPortrait UIInterfaceOrientationPortraitUpsideDown";
				IPHONEOS_DEPLOYMENT_TARGET = 13.0;
				LD_RUNPATH_SEARCH_PATHS = (
					"$(inherited)",
					"@executable_path/Frameworks",
				);
				MARKETING_VERSION = 1.0;
				PRODUCT_BUNDLE_IDENTIFIER = com.streetalk.hantae.streetalk;
				PRODUCT_NAME = "$(TARGET_NAME)";
				PROVISIONING_PROFILE_SPECIFIER = "";
				SUPPORTED_PLATFORMS = "iphoneos iphonesimulator";
				SUPPORTS_MACCATALYST = NO;
				SUPPORTS_MAC_DESIGNED_FOR_IPHONE_IPAD = NO;
				SWIFT_EMIT_LOC_STRINGS = YES;
				SWIFT_VERSION = 5.0;
				TARGETED_DEVICE_FAMILY = 1;
			};
			name = Debug;
		};
		B2C2256F29D6BE5100222C8A /* Release */ = {
			isa = XCBuildConfiguration;
			buildSettings = {
				ASSETCATALOG_COMPILER_APPICON_NAME = AppIcon;
				ASSETCATALOG_COMPILER_GLOBAL_ACCENT_COLOR_NAME = AccentColor;
				CODE_SIGN_IDENTITY = "Apple Development";
				CODE_SIGN_STYLE = Automatic;
				CURRENT_PROJECT_VERSION = 1;
				DEVELOPMENT_TEAM = 6W8N7TVCPJ;
				GENERATE_INFOPLIST_FILE = YES;
				INFOPLIST_FILE = Streetalk2.0/Info.plist;
				INFOPLIST_KEY_CFBundleDisplayName = "스트릿톡";
				INFOPLIST_KEY_LSApplicationCategoryType = "public.app-category.social-networking";
				INFOPLIST_KEY_NSLocationAlwaysAndWhenInUseUsageDescription = "사용자의 위치 정보에 접근합니다. 앱의 정상적인 실행을 위해 반드시 허용해주시기 바랍니다.";
				INFOPLIST_KEY_NSLocationWhenInUseUsageDescription = "사용자의 위치 정보에 접근합니다. 앱의 정상적인 실행을 위해 반드시 허용해주시기 바랍니다.";
				INFOPLIST_KEY_UIApplicationSupportsIndirectInputEvents = YES;
				INFOPLIST_KEY_UILaunchStoryboardName = LaunchScreen;
				INFOPLIST_KEY_UIMainStoryboardFile = Main;
				INFOPLIST_KEY_UISupportedInterfaceOrientations = UIInterfaceOrientationPortrait;
				INFOPLIST_KEY_UISupportedInterfaceOrientations_iPad = "UIInterfaceOrientationLandscapeLeft UIInterfaceOrientationLandscapeRight UIInterfaceOrientationPortrait UIInterfaceOrientationPortraitUpsideDown";
				IPHONEOS_DEPLOYMENT_TARGET = 13.0;
				LD_RUNPATH_SEARCH_PATHS = (
					"$(inherited)",
					"@executable_path/Frameworks",
				);
				MARKETING_VERSION = 1.0;
				PRODUCT_BUNDLE_IDENTIFIER = com.streetalk.hantae.streetalk;
				PRODUCT_NAME = "$(TARGET_NAME)";
				PROVISIONING_PROFILE_SPECIFIER = "";
				SUPPORTED_PLATFORMS = "iphoneos iphonesimulator";
				SUPPORTS_MACCATALYST = NO;
				SUPPORTS_MAC_DESIGNED_FOR_IPHONE_IPAD = NO;
				SWIFT_EMIT_LOC_STRINGS = YES;
				SWIFT_VERSION = 5.0;
				TARGETED_DEVICE_FAMILY = 1;
			};
			name = Release;
		};
		B2C2257129D6BE5100222C8A /* Debug */ = {
			isa = XCBuildConfiguration;
			buildSettings = {
				ALWAYS_EMBED_SWIFT_STANDARD_LIBRARIES = YES;
				BUNDLE_LOADER = "$(TEST_HOST)";
				CODE_SIGN_STYLE = Automatic;
				CURRENT_PROJECT_VERSION = 1;
				DEVELOPMENT_TEAM = 42L3HD5FA8;
				GENERATE_INFOPLIST_FILE = YES;
				IPHONEOS_DEPLOYMENT_TARGET = 16.1;
				MARKETING_VERSION = 1.0;
				PRODUCT_BUNDLE_IDENTIFIER = "com.nexon.hantae.Streetalk2-0Tests";
				PRODUCT_NAME = "$(TARGET_NAME)";
				SWIFT_EMIT_LOC_STRINGS = NO;
				SWIFT_VERSION = 5.0;
				TARGETED_DEVICE_FAMILY = "1,2";
				TEST_HOST = "$(BUILT_PRODUCTS_DIR)/Streetalk2.0.app/$(BUNDLE_EXECUTABLE_FOLDER_PATH)/Streetalk2.0";
			};
			name = Debug;
		};
		B2C2257229D6BE5100222C8A /* Release */ = {
			isa = XCBuildConfiguration;
			buildSettings = {
				ALWAYS_EMBED_SWIFT_STANDARD_LIBRARIES = YES;
				BUNDLE_LOADER = "$(TEST_HOST)";
				CODE_SIGN_STYLE = Automatic;
				CURRENT_PROJECT_VERSION = 1;
				DEVELOPMENT_TEAM = 42L3HD5FA8;
				GENERATE_INFOPLIST_FILE = YES;
				IPHONEOS_DEPLOYMENT_TARGET = 16.1;
				MARKETING_VERSION = 1.0;
				PRODUCT_BUNDLE_IDENTIFIER = "com.nexon.hantae.Streetalk2-0Tests";
				PRODUCT_NAME = "$(TARGET_NAME)";
				SWIFT_EMIT_LOC_STRINGS = NO;
				SWIFT_VERSION = 5.0;
				TARGETED_DEVICE_FAMILY = "1,2";
				TEST_HOST = "$(BUILT_PRODUCTS_DIR)/Streetalk2.0.app/$(BUNDLE_EXECUTABLE_FOLDER_PATH)/Streetalk2.0";
			};
			name = Release;
		};
		B2C2257429D6BE5100222C8A /* Debug */ = {
			isa = XCBuildConfiguration;
			buildSettings = {
				ALWAYS_EMBED_SWIFT_STANDARD_LIBRARIES = YES;
				CODE_SIGN_STYLE = Automatic;
				CURRENT_PROJECT_VERSION = 1;
				DEVELOPMENT_TEAM = 42L3HD5FA8;
				GENERATE_INFOPLIST_FILE = YES;
				MARKETING_VERSION = 1.0;
				PRODUCT_BUNDLE_IDENTIFIER = "com.nexon.hantae.Streetalk2-0UITests";
				PRODUCT_NAME = "$(TARGET_NAME)";
				SWIFT_EMIT_LOC_STRINGS = NO;
				SWIFT_VERSION = 5.0;
				TARGETED_DEVICE_FAMILY = "1,2";
				TEST_TARGET_NAME = Streetalk2.0;
			};
			name = Debug;
		};
		B2C2257529D6BE5100222C8A /* Release */ = {
			isa = XCBuildConfiguration;
			buildSettings = {
				ALWAYS_EMBED_SWIFT_STANDARD_LIBRARIES = YES;
				CODE_SIGN_STYLE = Automatic;
				CURRENT_PROJECT_VERSION = 1;
				DEVELOPMENT_TEAM = 42L3HD5FA8;
				GENERATE_INFOPLIST_FILE = YES;
				MARKETING_VERSION = 1.0;
				PRODUCT_BUNDLE_IDENTIFIER = "com.nexon.hantae.Streetalk2-0UITests";
				PRODUCT_NAME = "$(TARGET_NAME)";
				SWIFT_EMIT_LOC_STRINGS = NO;
				SWIFT_VERSION = 5.0;
				TARGETED_DEVICE_FAMILY = "1,2";
				TEST_TARGET_NAME = Streetalk2.0;
			};
			name = Release;
		};
/* End XCBuildConfiguration section */

/* Begin XCConfigurationList section */
		B2C2253E29D6BE4E00222C8A /* Build configuration list for PBXProject "Streetalk2.0" */ = {
			isa = XCConfigurationList;
			buildConfigurations = (
				B2C2256B29D6BE5100222C8A /* Debug */,
				B2C2256C29D6BE5100222C8A /* Release */,
			);
			defaultConfigurationIsVisible = 0;
			defaultConfigurationName = Release;
		};
		B2C2256D29D6BE5100222C8A /* Build configuration list for PBXNativeTarget "Streetalk2.0" */ = {
			isa = XCConfigurationList;
			buildConfigurations = (
				B2C2256E29D6BE5100222C8A /* Debug */,
				B2C2256F29D6BE5100222C8A /* Release */,
			);
			defaultConfigurationIsVisible = 0;
			defaultConfigurationName = Release;
		};
		B2C2257029D6BE5100222C8A /* Build configuration list for PBXNativeTarget "Streetalk2.0Tests" */ = {
			isa = XCConfigurationList;
			buildConfigurations = (
				B2C2257129D6BE5100222C8A /* Debug */,
				B2C2257229D6BE5100222C8A /* Release */,
			);
			defaultConfigurationIsVisible = 0;
			defaultConfigurationName = Release;
		};
		B2C2257329D6BE5100222C8A /* Build configuration list for PBXNativeTarget "Streetalk2.0UITests" */ = {
			isa = XCConfigurationList;
			buildConfigurations = (
				B2C2257429D6BE5100222C8A /* Debug */,
				B2C2257529D6BE5100222C8A /* Release */,
			);
			defaultConfigurationIsVisible = 0;
			defaultConfigurationName = Release;
		};
/* End XCConfigurationList section */

/* Begin XCRemoteSwiftPackageReference section */
		3399BAF62A40122100A56A4B /* XCRemoteSwiftPackageReference "AnyFormatKit" */ = {
			isa = XCRemoteSwiftPackageReference;
			repositoryURL = "https://github.com/luximetr/AnyFormatKit.git";
			requirement = {
				kind = upToNextMajorVersion;
				minimumVersion = 2.0.0;
			};
		};
/* End XCRemoteSwiftPackageReference section */

/* Begin XCSwiftPackageProductDependency section */
		3399BAF72A40122100A56A4B /* AnyFormatKit */ = {
			isa = XCSwiftPackageProductDependency;
			package = 3399BAF62A40122100A56A4B /* XCRemoteSwiftPackageReference "AnyFormatKit" */;
			productName = AnyFormatKit;
		};
/* End XCSwiftPackageProductDependency section */
	};
	rootObject = B2C2253B29D6BE4E00222C8A /* Project object */;
}
